
Microsoft Visual Studio Solution File, Format Version 12.00
# Visual Studio 15
VisualStudioVersion = 15.0.28307.168
MinimumVisualStudioVersion = 10.0.40219.1
Project("{FAE04EC0-301F-11D3-BF4B-00C04F79EFBC}") = "Lab2", "Lab2\Lab2.csproj", "{503F9E97-E3E9-4C36-92F4-229280C5EDDD}"
EndProject
Global
	GlobalSection(SolutionConfigurationPlatforms) = preSolution
		Debug|Any CPU = Debug|Any CPU
		Release|Any CPU = Release|Any CPU
	EndGlobalSection
	GlobalSection(ProjectConfigurationPlatforms) = postSolution
		{503F9E97-E3E9-4C36-92F4-229280C5EDDD}.Debug|Any CPU.ActiveCfg = Debug|Any CPU
		{503F9E97-E3E9-4C36-92F4-229280C5EDDD}.Debug|Any CPU.Build.0 = Debug|Any CPU
		{503F9E97-E3E9-4C36-92F4-229280C5EDDD}.Release|Any CPU.ActiveCfg = Release|Any CPU
		{503F9E97-E3E9-4C36-92F4-229280C5EDDD}.Release|Any CPU.Build.0 = Release|Any CPU
	EndGlobalSection
	GlobalSection(SolutionProperties) = preSolution
		HideSolutionNode = FALSE
	EndGlobalSection
	GlobalSection(ExtensibilityGlobals) = postSolution
		SolutionGuid = {86A8605F-3E86-481B-8452-FB021E2EF9B3}
	EndGlobalSection
EndGlobal
